
Microsoft Visual Studio Solution File, Format Version 12.00
# Visual Studio 15
VisualStudioVersion = 15.0.27703.2035
MinimumVisualStudioVersion = 10.0.40219.1
Project("{2150E333-8FDC-42A3-9474-1A3956D46DE8}") = "01_kintamieji", "01_kintamieji", "{739527D4-0EC3-4BDA-AFAA-439A5BC1D330}"
EndProject
Project("{2150E333-8FDC-42A3-9474-1A3956D46DE8}") = "02_isvedimas", "02_isvedimas", "{44AB1690-D136-4A3F-8602-FFE1D0DBA296}"
EndProject
Project("{2150E333-8FDC-42A3-9474-1A3956D46DE8}") = "03_aritmetiniai_veiksmai", "03_aritmetiniai_veiksmai", "{900E12BC-BB07-4076-B092-D2C2E320D60A}"
EndProject
Project("{2150E333-8FDC-42A3-9474-1A3956D46DE8}") = "04_ivedimas", "04_ivedimas", "{6A7ECDB7-B11A-4BA9-81E4-31F96D884D7A}"
EndProject
Project("{FAE04EC0-301F-11D3-BF4B-00C04F79EFBC}") = "01-01_pvz", "01-01_pvz\01-01_pvz.csproj", "{AB5E015F-4CD9-49B1-83D3-7765A7747568}"
EndProject
Project("{FAE04EC0-301F-11D3-BF4B-00C04F79EFBC}") = "01-02_uzduotis", "01-02_uzduotis\01-02_uzduotis.csproj", "{E0B5913C-2A57-488C-9EE0-B9518E1EEF20}"
EndProject
Project("{FAE04EC0-301F-11D3-BF4B-00C04F79EFBC}") = "02-01_pvz", "02-01_pvz\02-01_pvz.csproj", "{2C93EF69-303F-4438-849B-753086D42F46}"
EndProject
Project("{FAE04EC0-301F-11D3-BF4B-00C04F79EFBC}") = "02-02_uzduotis", "02-01_uzduotis\02-02_uzduotis.csproj", "{B4FBA9A4-C5FA-4E7B-A907-4119A7DB7285}"
EndProject
Project("{FAE04EC0-301F-11D3-BF4B-00C04F79EFBC}") = "02-03_uzduotis", "02-03_uzduotis\02-03_uzduotis.csproj", "{209C1306-023C-4871-85BA-BC034434A90E}"
EndProject
Project("{FAE04EC0-301F-11D3-BF4B-00C04F79EFBC}") = "02-04_uzduotis", "02-04_uzduotis\02-04_uzduotis.csproj", "{4532202A-3647-41AF-9631-924D51C6A599}"
EndProject
Project("{FAE04EC0-301F-11D3-BF4B-00C04F79EFBC}") = "03-00_pvz", "03-00_pvz\03-00_pvz.csproj", "{0DE723CA-CD14-4C03-9818-105C92145E2E}"
EndProject
Project("{FAE04EC0-301F-11D3-BF4B-00C04F79EFBC}") = "03-01_uzduotis", "03-01_uzduotis\03-01_uzduotis.csproj", "{DDC462A6-5F79-4477-BBE6-723E9AD4CA22}"
EndProject
Project("{FAE04EC0-301F-11D3-BF4B-00C04F79EFBC}") = "03-02_uzduotis", "03-02_uzduotis\03-02_uzduotis.csproj", "{D55C567A-5854-431D-BB75-9ABF6FC82A7D}"
EndProject
Project("{FAE04EC0-301F-11D3-BF4B-00C04F79EFBC}") = "03-03_uzduotis", "03-03_uzduotis\03-03_uzduotis.csproj", "{778721B7-AC75-4657-B206-22368D7EBCFA}"
EndProject
Project("{FAE04EC0-301F-11D3-BF4B-00C04F79EFBC}") = "03-04_uzduotis", "03-04\03-04_uzduotis.csproj", "{1646E38B-5B48-46DD-8411-E359E8E5CBD7}"
EndProject
Project("{FAE04EC0-301F-11D3-BF4B-00C04F79EFBC}") = "03-05_uzduotis", "03-05_uzduotis\03-05_uzduotis.csproj", "{E0B904A8-4A8F-4653-A644-29D7C8C6C63B}"
EndProject
Project("{FAE04EC0-301F-11D3-BF4B-00C04F79EFBC}") = "03-06_uzduotis", "03-06_uzduotis\03-06_uzduotis.csproj", "{1E1445B2-4239-43BC-B56B-C0DF8A68C2FC}"
EndProject
Project("{FAE04EC0-301F-11D3-BF4B-00C04F79EFBC}") = "04-00_pvz", "04-00_pvz\04-00_pvz.csproj", "{9F5B0793-B69E-418D-B088-3233CBB13512}"
EndProject
Project("{FAE04EC0-301F-11D3-BF4B-00C04F79EFBC}") = "04-00_pvz2", "04-00_2pvz\04-00_pvz2.csproj", "{B651F5F0-DD1A-464A-9363-071A8F1DFE4D}"
EndProject
Project("{FAE04EC0-301F-11D3-BF4B-00C04F79EFBC}") = "04-01_uzduotis", "04-01_uzduotis\04-01_uzduotis.csproj", "{F9133A7B-3D75-4541-B975-DAC3811095C6}"
EndProject
Project("{FAE04EC0-301F-11D3-BF4B-00C04F79EFBC}") = "04-02_uzduotis", "04-02_uzduotis\04-02_uzduotis.csproj", "{F9A22E9C-85DE-4300-8D8C-5539177540CD}"
EndProject
Project("{FAE04EC0-301F-11D3-BF4B-00C04F79EFBC}") = "04-03_uzduotis", "04-03_uzduotis\04-03_uzduotis.csproj", "{9238116F-49BB-43BC-BB5B-D95ED620B35B}"
EndProject
Project("{FAE04EC0-301F-11D3-BF4B-00C04F79EFBC}") = "04-04_uzduotis", "04-04_uzduotis\04-04_uzduotis.csproj", "{05B617A9-FB79-482F-B102-29E0CDC13202}"
EndProject
Project("{FAE04EC0-301F-11D3-BF4B-00C04F79EFBC}") = "04-05_uzduotis", "04-05_uzduotis\04-05_uzduotis.csproj", "{AFFBDE1A-6989-42E1-B59D-89AA50871FFF}"
EndProject
Project("{FAE04EC0-301F-11D3-BF4B-00C04F79EFBC}") = "04-06_uzduotis", "04-06_uzduotis\04-06_uzduotis.csproj", "{608D22E0-5C6A-40A8-9304-E26837A1D44F}"
EndProject
Project("{FAE04EC0-301F-11D3-BF4B-00C04F79EFBC}") = "04-07_uzduotis", "04-07_uzduotis\04-07_uzduotis.csproj", "{0E5D016A-3141-47C8-BF87-26FDACC85084}"
EndProject
Project("{FAE04EC0-301F-11D3-BF4B-00C04F79EFBC}") = "04-08_uzduotis", "04-08_uzduotis\04-08_uzduotis.csproj", "{4141C64E-2803-4783-AC2F-03CE0F101E72}"
EndProject
Project("{2150E333-8FDC-42A3-9474-1A3956D46DE8}") = "05_IF", "05_IF", "{0A4BB8C8-ABD1-4C87-8821-FBE4796BCE08}"
EndProject
Project("{FAE04EC0-301F-11D3-BF4B-00C04F79EFBC}") = "05-01_uzdavinys", "05-00_pvz\05-01_uzdavinys.csproj", "{DA225DED-189F-4AA0-9A4D-75CB2C5A4D3D}"
EndProject
Project("{FAE04EC0-301F-11D3-BF4B-00C04F79EFBC}") = "05-02_uzdavinys", "05-02_uzdavinys\05-02_uzdavinys.csproj", "{6A177658-A64F-4D9C-8F6D-80447AB0DACD}"
EndProject
Project("{FAE04EC0-301F-11D3-BF4B-00C04F79EFBC}") = "05-03_uzdavinys", "05-03_uzdavinys\05-03_uzdavinys.csproj", "{9AD4AF91-AF64-4D58-838C-87E165C46207}"
EndProject
Project("{FAE04EC0-301F-11D3-BF4B-00C04F79EFBC}") = "05-04_uzdavinys", "05-04_uzdavinys\05-04_uzdavinys.csproj", "{A2182007-FE13-4EDE-B97A-7A49A9A3325D}"
EndProject
Project("{FAE04EC0-301F-11D3-BF4B-00C04F79EFBC}") = "05-05_uzduotis", "05-05_uzduotis\05-05_uzduotis.csproj", "{C6AB6B98-C3FC-476B-99B7-D3A723B51EBE}"
EndProject
Project("{FAE04EC0-301F-11D3-BF4B-00C04F79EFBC}") = "06-01_uzduotis", "05-06_uzduotis\06-01_uzduotis.csproj", "{0A73051D-5DBD-4906-984B-06F0CBB89439}"
EndProject
Project("{FAE04EC0-301F-11D3-BF4B-00C04F79EFBC}") = "06-02_uzduotis", "05-07_uzduotis\06-02_uzduotis.csproj", "{5880264E-08F3-4F96-ABBE-684B5E931C38}"
EndProject
Project("{2150E333-8FDC-42A3-9474-1A3956D46DE8}") = "06_Else_IF", "06_Else_IF", "{7898472D-E877-4F23-8250-C165C32D9F6D}"
EndProject
Project("{FAE04EC0-301F-11D3-BF4B-00C04F79EFBC}") = "06-03_uzduotis", "06-03_uzduotis\06-03_uzduotis.csproj", "{08467112-BE66-440C-B846-326CBCAEBC78}"
EndProject
Project("{FAE04EC0-301F-11D3-BF4B-00C04F79EFBC}") = "06-04", "06-04\06-04.csproj", "{A2A98DD4-2D3D-4213-86F4-015D95B30C73}"
EndProject
Project("{2150E333-8FDC-42A3-9474-1A3956D46DE8}") = "07_Else", "07_Else", "{10F34995-6745-473D-8D8F-267B2AEDA7E0}"
EndProject
Project("{FAE04EC0-301F-11D3-BF4B-00C04F79EFBC}") = "07-01_uzduotis", "07-01_uzduotis\07-01_uzduotis.csproj", "{BBB38682-FDC2-4282-AA66-F315FA883DE7}"
EndProject
Project("{2150E333-8FDC-42A3-9474-1A3956D46DE8}") = "Papildomos_uzduotys", "Papildomos_uzduotys", "{18E10B26-DB99-4514-9514-26BE0AA246CF}"
EndProject
Project("{FAE04EC0-301F-11D3-BF4B-00C04F79EFBC}") = "1_uzduotis", "1_uzduotis\1_uzduotis.csproj", "{97962E50-356F-4350-B043-3FD104033E4D}"
EndProject
Project("{FAE04EC0-301F-11D3-BF4B-00C04F79EFBC}") = "07-02_uzduotis", "07-02_uzduotis\07-02_uzduotis.csproj", "{FBA2973B-163D-48B2-89C2-C2CA0890293B}"
EndProject
Project("{2150E333-8FDC-42A3-9474-1A3956D46DE8}") = "08_Patikrinimo_operatoriai", "08_Patikrinimo_operatoriai", "{6B9A7A95-A797-45D3-A59B-06EA4DE9B86B}"
EndProject
Project("{FAE04EC0-301F-11D3-BF4B-00C04F79EFBC}") = "08-01_uzduotis", "08-01_uzduotis\08-01_uzduotis.csproj", "{73FEED14-732F-48BA-BE51-196B144F5585}"
EndProject
Project("{FAE04EC0-301F-11D3-BF4B-00C04F79EFBC}") = "08-02", "08-02\08-02.csproj", "{BED6B0BA-96B3-41B7-A172-8B5E52690EDA}"
EndProject
Project("{FAE04EC0-301F-11D3-BF4B-00C04F79EFBC}") = "08-03_uzduotis", "08-03_uzduotis\08-03_uzduotis.csproj", "{4CC2A4F6-0CCD-4E41-B0A0-818216852D70}"
EndProject
Project("{FAE04EC0-301F-11D3-BF4B-00C04F79EFBC}") = "08-04", "08-04\08-04.csproj", "{645CE969-998B-4E40-B2E4-D8847797E215}"
EndProject
Project("{2150E333-8FDC-42A3-9474-1A3956D46DE8}") = "09_Switch", "09_Switch", "{3E76B0F7-A31F-424C-A996-4C3CEA954C90}"
EndProject
Project("{FAE04EC0-301F-11D3-BF4B-00C04F79EFBC}") = "09-01_uzduotis", "09-01_uzduotys\09-01_uzduotis.csproj", "{4A44B108-7A2F-4612-92B5-2FFF71BA76F2}"
EndProject
Project("{FAE04EC0-301F-11D3-BF4B-00C04F79EFBC}") = "09-02_uzduotis", "09-02_uzduotis\09-02_uzduotis.csproj", "{1986C01D-6C32-4BAD-BEB8-5B925A4F509D}"
EndProject
Project("{FAE04EC0-301F-11D3-BF4B-00C04F79EFBC}") = "09-03_Uzduotis", "09-03_Uzduotis\09-03_Uzduotis.csproj", "{190C7417-8468-46D9-9CFA-BAD7F63AE9FB}"
EndProject
Project("{FAE04EC0-301F-11D3-BF4B-00C04F79EFBC}") = "09-04_Uzduotis", "09-04_Uzduotis\09-04_Uzduotis.csproj", "{8A19333D-2239-45B3-A3EB-93E2604EDE00}"
EndProject
Project("{FAE04EC0-301F-11D3-BF4B-00C04F79EFBC}") = "09-03_Tarpine_uzduotis", "09-03_Tarpine_uzduotis\09-03_Tarpine_uzduotis.csproj", "{7F54D45D-686D-496A-9DD1-0539DC3F0E75}"
EndProject
Project("{2150E333-8FDC-42A3-9474-1A3956D46DE8}") = "11_Ciklas_For", "11_Ciklas_For", "{8493F84B-AA31-466C-A4B2-6450B3ED03DE}"
EndProject
Project("{FAE04EC0-301F-11D3-BF4B-00C04F79EFBC}") = "11-00_Pavyzdziai", "11-00_Pavyzdziai\11-00_Pavyzdziai.csproj", "{4E47C1DF-D667-46B1-8D9A-A6E2FB826E00}"
EndProject
Project("{FAE04EC0-301F-11D3-BF4B-00C04F79EFBC}") = "11-01_uzduotis", "ConsoleApp1\11-01_uzduotis.csproj", "{9CF76537-8AC7-4435-8EB9-E123AD6174E0}"
EndProject
Project("{FAE04EC0-301F-11D3-BF4B-00C04F79EFBC}") = "11-02_uzduotis", "11-02_uzduotis\11-02_uzduotis.csproj", "{9E2CEFF5-8DA6-4DEA-884D-FBFD85C5D5C1}"
EndProject
Project("{FAE04EC0-301F-11D3-BF4B-00C04F79EFBC}") = "11-03_uzduotis", "11-03_uzduotis\11-03_uzduotis.csproj", "{B3473692-0596-4829-8B8D-43AABC13076F}"
EndProject
Project("{FAE04EC0-301F-11D3-BF4B-00C04F79EFBC}") = "11-04_uzduotis", "11-04_uzduotis\11-04_uzduotis.csproj", "{73572562-E1E4-4B8E-9F0F-61BD1EA4AC99}"
EndProject
Project("{FAE04EC0-301F-11D3-BF4B-00C04F79EFBC}") = "11-05_uzduotis", "11-05_uzduotis\11-05_uzduotis.csproj", "{3227AFBC-4856-48B5-8603-3CD1A89DFD65}"
EndProject
Project("{FAE04EC0-301F-11D3-BF4B-00C04F79EFBC}") = "11-06_uzduotis", "11-06_uzduotis\11-06_uzduotis.csproj", "{1AC17363-D202-498B-8747-64BD54CFB41A}"
EndProject
Project("{FAE04EC0-301F-11D3-BF4B-00C04F79EFBC}") = "11-07_uzduotis", "11-07_uzduotis\11-07_uzduotis.csproj", "{92B92B67-B4AE-4021-9930-C76E3107ABA6}"
EndProject
Project("{2150E333-8FDC-42A3-9474-1A3956D46DE8}") = "12_Ciklas_While", "12_Ciklas_While", "{2A149587-B673-465F-B1C9-984DFB378EEF}"
EndProject
Project("{FAE04EC0-301F-11D3-BF4B-00C04F79EFBC}") = "12-00_pakartojimas", "12-00_pavyzdziai\12-00_pakartojimas.csproj", "{3263AAEA-2F8B-43E6-B71C-EFFA1061BEB2}"
EndProject
Project("{FAE04EC0-301F-11D3-BF4B-00C04F79EFBC}") = "11-08_uzduotis", "11-088\11-08_uzduotis.csproj", "{3047A9D7-F271-4658-A1AC-984A31625F15}"
EndProject
Project("{FAE04EC0-301F-11D3-BF4B-00C04F79EFBC}") = "11-09_uzduotis", "12-09_uzduotis\11-09_uzduotis.csproj", "{23066C02-3EC9-490F-A936-91E4EEB292AC}"
EndProject
Project("{FAE04EC0-301F-11D3-BF4B-00C04F79EFBC}") = "11-10_uzduotis", "11-10_uzduotis\11-10_uzduotis.csproj", "{BA000979-AE87-496B-8E35-340D57FADF30}"
EndProject
Project("{FAE04EC0-301F-11D3-BF4B-00C04F79EFBC}") = "11-11_uzduotis", "11-11_uzduotis\11-11_uzduotis.csproj", "{8D58590B-F4FA-42F2-BE42-0AF6FBE45B1C}"
EndProject
Project("{FAE04EC0-301F-11D3-BF4B-00C04F79EFBC}") = "11-12_uzduotis", "11-12_uzduotis\11-12_uzduotis.csproj", "{11356640-C771-4B1A-9846-E7FB354BEAE5}"
EndProject
Project("{FAE04EC0-301F-11D3-BF4B-00C04F79EFBC}") = "11-13_uzduotis", "11-13_uzduotis\11-13_uzduotis.csproj", "{D3C68F9C-DCCA-4374-A0E3-DBCF5CF85848}"
EndProject
Project("{FAE04EC0-301F-11D3-BF4B-00C04F79EFBC}") = "12-01_uzduotis", "12-01_uzduotis\12-01_uzduotis.csproj", "{63536644-CBF6-4D14-B0EC-E268EFC25D77}"
EndProject
Project("{FAE04EC0-301F-11D3-BF4B-00C04F79EFBC}") = "12-02_uzduotis", "12-02_uzduotis\12-02_uzduotis.csproj", "{79CB1F8C-3DA8-43BC-9DCB-BAC676D17814}"
EndProject
Project("{FAE04EC0-301F-11D3-BF4B-00C04F79EFBC}") = "12-03_Uzduotis", "12-03_Uzduotis\12-03_Uzduotis.csproj", "{A5863656-DE3C-42E0-AAE5-A8D3451787FC}"
EndProject
Project("{FAE04EC0-301F-11D3-BF4B-00C04F79EFBC}") = "12-04_uzduotis", "12-04_uzduotis\12-04_uzduotis.csproj", "{B46D610F-92C0-468F-8554-F16842234601}"
EndProject
Project("{FAE04EC0-301F-11D3-BF4B-00C04F79EFBC}") = "12-05_uzduotis", "12-05_uzduotis\12-05_uzduotis.csproj", "{8E484527-543C-487D-BEA9-EA05A0674304}"
EndProject
Project("{FAE04EC0-301F-11D3-BF4B-00C04F79EFBC}") = "12-06_uzduotis_pazengusiems", "12-06_uzduotis_pazengusiems\12-06_uzduotis_pazengusiems.csproj", "{DB35A9B7-0682-43BD-B800-5DAA1C0CC201}"
EndProject
Project("{2150E333-8FDC-42A3-9474-1A3956D46DE8}") = "13_Do_while", "13_Do_while", "{FB5E3A7F-CEFD-4600-987F-06F16CD49C4D}"
EndProject
Project("{FAE04EC0-301F-11D3-BF4B-00C04F79EFBC}") = "13-02_uzduotis", "13-02_uzduotis\13-02_uzduotis.csproj", "{9678AD67-3F0C-4905-9CDB-903D2E76267A}"
EndProject
Project("{FAE04EC0-301F-11D3-BF4B-00C04F79EFBC}") = "13-03_tarpine_uzduotis", "12-03_tarpine_uzduotis\13-03_tarpine_uzduotis.csproj", "{D46A2C85-ECD6-49B0-96B1-10EC3960167E}"
EndProject
Project("{2150E333-8FDC-42A3-9474-1A3956D46DE8}") = "14_Masyvai", "14_Masyvai", "{598DD69F-9B35-40E7-AB73-D1D8BDBC070F}"
EndProject
Project("{FAE04EC0-301F-11D3-BF4B-00C04F79EFBC}") = "14-01_uzduotis", "14-01_uzduotis\14-01_uzduotis.csproj", "{A0ABB728-83E9-47E6-8A55-ABFAEC56760D}"
EndProject
Project("{FAE04EC0-301F-11D3-BF4B-00C04F79EFBC}") = "14-02_uzduotis", "14-02_uzduotis\14-02_uzduotis.csproj", "{55C98842-D677-475B-8433-3A90C31C6F05}"
EndProject
Project("{FAE04EC0-301F-11D3-BF4B-00C04F79EFBC}") = "14-03_uzduotis", "14-03_uzduotis\14-03_uzduotis.csproj", "{05C868A7-E83B-4EF9-96E1-B9DF067FBD58}"
EndProject
Project("{FAE04EC0-301F-11D3-BF4B-00C04F79EFBC}") = "14-04_uzduotis", "14-04_uzduotis\14-04_uzduotis.csproj", "{AE18AB78-70B2-48DB-B696-D5ED339AEBB6}"
EndProject
Project("{FAE04EC0-301F-11D3-BF4B-00C04F79EFBC}") = "14-05_uzduotis", "14-05_uzduotis\14-05_uzduotis.csproj", "{E25D7A6C-F264-41D3-87E8-12AFDF56F8CB}"
EndProject
Project("{FAE04EC0-301F-11D3-BF4B-00C04F79EFBC}") = "14-06_uzduotis", "14-06_uzduotis\14-06_uzduotis.csproj", "{E9389AFA-249D-4310-B769-C312F4079753}"
EndProject
Project("{FAE04EC0-301F-11D3-BF4B-00C04F79EFBC}") = "14-07_uzduotis", "14-07_uzduotis\14-07_uzduotis.csproj", "{92E68579-0FD8-4F5B-A8DE-6F8A36CE4A3E}"
EndProject
Project("{FAE04EC0-301F-11D3-BF4B-00C04F79EFBC}") = "14-08_uzduotis", "14-08_uzduotis\14-08_uzduotis.csproj", "{B81C53A4-7FDD-402B-AD4D-CBF31BB0C96D}"
EndProject
Project("{2150E333-8FDC-42A3-9474-1A3956D46DE8}") = "15_Sarasas", "15_Sarasas", "{3E3250E1-FBF8-45EA-9BF9-28D474813594}"
EndProject
Project("{FAE04EC0-301F-11D3-BF4B-00C04F79EFBC}") = "15-00_Pavyzdys", "00_Pavyzdys\15-00_Pavyzdys.csproj", "{B12A44A7-6EBF-4E89-A808-85599533774B}"
EndProject
Project("{FAE04EC0-301F-11D3-BF4B-00C04F79EFBC}") = "15-01_uzduotis", "15-01_uzduotis\15-01_uzduotis.csproj", "{7A2D1BA2-AAD3-469F-B260-BB596FE8DCAD}"
EndProject
Project("{FAE04EC0-301F-11D3-BF4B-00C04F79EFBC}") = "15-02_uzduotis", "15-02_uzduotis\15-02_uzduotis.csproj", "{3044BD75-AD89-4379-AED8-D34099EE908B}"
EndProject
Project("{2150E333-8FDC-42A3-9474-1A3956D46DE8}") = "16_Metodai", "16_Metodai", "{217DF468-05BA-4BA0-87D4-7735E2ADFA46}"
EndProject
Project("{FAE04EC0-301F-11D3-BF4B-00C04F79EFBC}") = "16-00_Pavyzdziai", "16-00_Pavyzdziai\16-00_Pavyzdziai.csproj", "{3A70D9A5-ABC8-48D6-A3E3-1789466B9EA8}"
EndProject
Project("{2150E333-8FDC-42A3-9474-1A3956D46DE8}") = "17_Klases", "17_Klases", "{A1726C52-6065-4866-8295-F9C0B478A608}"
EndProject
Project("{FAE04EC0-301F-11D3-BF4B-00C04F79EFBC}") = "17-00_Pavyzdziai", "17-00_Pavyzdziai\17-00_Pavyzdziai.csproj", "{66D94584-5153-4F1B-9E35-DE0843C998ED}"
EndProject
Project("{FAE04EC0-301F-11D3-BF4B-00C04F79EFBC}") = "17-01_Projektas", "17-01_Projektas\17-01_Projektas.csproj", "{160A1F94-F990-472D-B9DF-0C433DD3B1C9}"
EndProject
Global
	GlobalSection(SolutionConfigurationPlatforms) = preSolution
		Debug|Any CPU = Debug|Any CPU
		Release|Any CPU = Release|Any CPU
	EndGlobalSection
	GlobalSection(ProjectConfigurationPlatforms) = postSolution
		{AB5E015F-4CD9-49B1-83D3-7765A7747568}.Debug|Any CPU.ActiveCfg = Debug|Any CPU
		{AB5E015F-4CD9-49B1-83D3-7765A7747568}.Debug|Any CPU.Build.0 = Debug|Any CPU
		{AB5E015F-4CD9-49B1-83D3-7765A7747568}.Release|Any CPU.ActiveCfg = Release|Any CPU
		{AB5E015F-4CD9-49B1-83D3-7765A7747568}.Release|Any CPU.Build.0 = Release|Any CPU
		{E0B5913C-2A57-488C-9EE0-B9518E1EEF20}.Debug|Any CPU.ActiveCfg = Debug|Any CPU
		{E0B5913C-2A57-488C-9EE0-B9518E1EEF20}.Debug|Any CPU.Build.0 = Debug|Any CPU
		{E0B5913C-2A57-488C-9EE0-B9518E1EEF20}.Release|Any CPU.ActiveCfg = Release|Any CPU
		{E0B5913C-2A57-488C-9EE0-B9518E1EEF20}.Release|Any CPU.Build.0 = Release|Any CPU
		{2C93EF69-303F-4438-849B-753086D42F46}.Debug|Any CPU.ActiveCfg = Debug|Any CPU
		{2C93EF69-303F-4438-849B-753086D42F46}.Debug|Any CPU.Build.0 = Debug|Any CPU
		{2C93EF69-303F-4438-849B-753086D42F46}.Release|Any CPU.ActiveCfg = Release|Any CPU
		{2C93EF69-303F-4438-849B-753086D42F46}.Release|Any CPU.Build.0 = Release|Any CPU
		{B4FBA9A4-C5FA-4E7B-A907-4119A7DB7285}.Debug|Any CPU.ActiveCfg = Debug|Any CPU
		{B4FBA9A4-C5FA-4E7B-A907-4119A7DB7285}.Debug|Any CPU.Build.0 = Debug|Any CPU
		{B4FBA9A4-C5FA-4E7B-A907-4119A7DB7285}.Release|Any CPU.ActiveCfg = Release|Any CPU
		{B4FBA9A4-C5FA-4E7B-A907-4119A7DB7285}.Release|Any CPU.Build.0 = Release|Any CPU
		{209C1306-023C-4871-85BA-BC034434A90E}.Debug|Any CPU.ActiveCfg = Debug|Any CPU
		{209C1306-023C-4871-85BA-BC034434A90E}.Debug|Any CPU.Build.0 = Debug|Any CPU
		{209C1306-023C-4871-85BA-BC034434A90E}.Release|Any CPU.ActiveCfg = Release|Any CPU
		{209C1306-023C-4871-85BA-BC034434A90E}.Release|Any CPU.Build.0 = Release|Any CPU
		{4532202A-3647-41AF-9631-924D51C6A599}.Debug|Any CPU.ActiveCfg = Debug|Any CPU
		{4532202A-3647-41AF-9631-924D51C6A599}.Debug|Any CPU.Build.0 = Debug|Any CPU
		{4532202A-3647-41AF-9631-924D51C6A599}.Release|Any CPU.ActiveCfg = Release|Any CPU
		{4532202A-3647-41AF-9631-924D51C6A599}.Release|Any CPU.Build.0 = Release|Any CPU
		{0DE723CA-CD14-4C03-9818-105C92145E2E}.Debug|Any CPU.ActiveCfg = Debug|Any CPU
		{0DE723CA-CD14-4C03-9818-105C92145E2E}.Debug|Any CPU.Build.0 = Debug|Any CPU
		{0DE723CA-CD14-4C03-9818-105C92145E2E}.Release|Any CPU.ActiveCfg = Release|Any CPU
		{0DE723CA-CD14-4C03-9818-105C92145E2E}.Release|Any CPU.Build.0 = Release|Any CPU
		{DDC462A6-5F79-4477-BBE6-723E9AD4CA22}.Debug|Any CPU.ActiveCfg = Debug|Any CPU
		{DDC462A6-5F79-4477-BBE6-723E9AD4CA22}.Debug|Any CPU.Build.0 = Debug|Any CPU
		{DDC462A6-5F79-4477-BBE6-723E9AD4CA22}.Release|Any CPU.ActiveCfg = Release|Any CPU
		{DDC462A6-5F79-4477-BBE6-723E9AD4CA22}.Release|Any CPU.Build.0 = Release|Any CPU
		{D55C567A-5854-431D-BB75-9ABF6FC82A7D}.Debug|Any CPU.ActiveCfg = Debug|Any CPU
		{D55C567A-5854-431D-BB75-9ABF6FC82A7D}.Debug|Any CPU.Build.0 = Debug|Any CPU
		{D55C567A-5854-431D-BB75-9ABF6FC82A7D}.Release|Any CPU.ActiveCfg = Release|Any CPU
		{D55C567A-5854-431D-BB75-9ABF6FC82A7D}.Release|Any CPU.Build.0 = Release|Any CPU
		{778721B7-AC75-4657-B206-22368D7EBCFA}.Debug|Any CPU.ActiveCfg = Debug|Any CPU
		{778721B7-AC75-4657-B206-22368D7EBCFA}.Debug|Any CPU.Build.0 = Debug|Any CPU
		{778721B7-AC75-4657-B206-22368D7EBCFA}.Release|Any CPU.ActiveCfg = Release|Any CPU
		{778721B7-AC75-4657-B206-22368D7EBCFA}.Release|Any CPU.Build.0 = Release|Any CPU
		{1646E38B-5B48-46DD-8411-E359E8E5CBD7}.Debug|Any CPU.ActiveCfg = Debug|Any CPU
		{1646E38B-5B48-46DD-8411-E359E8E5CBD7}.Debug|Any CPU.Build.0 = Debug|Any CPU
		{1646E38B-5B48-46DD-8411-E359E8E5CBD7}.Release|Any CPU.ActiveCfg = Release|Any CPU
		{1646E38B-5B48-46DD-8411-E359E8E5CBD7}.Release|Any CPU.Build.0 = Release|Any CPU
		{E0B904A8-4A8F-4653-A644-29D7C8C6C63B}.Debug|Any CPU.ActiveCfg = Debug|Any CPU
		{E0B904A8-4A8F-4653-A644-29D7C8C6C63B}.Debug|Any CPU.Build.0 = Debug|Any CPU
		{E0B904A8-4A8F-4653-A644-29D7C8C6C63B}.Release|Any CPU.ActiveCfg = Release|Any CPU
		{E0B904A8-4A8F-4653-A644-29D7C8C6C63B}.Release|Any CPU.Build.0 = Release|Any CPU
		{1E1445B2-4239-43BC-B56B-C0DF8A68C2FC}.Debug|Any CPU.ActiveCfg = Debug|Any CPU
		{1E1445B2-4239-43BC-B56B-C0DF8A68C2FC}.Debug|Any CPU.Build.0 = Debug|Any CPU
		{1E1445B2-4239-43BC-B56B-C0DF8A68C2FC}.Release|Any CPU.ActiveCfg = Release|Any CPU
		{1E1445B2-4239-43BC-B56B-C0DF8A68C2FC}.Release|Any CPU.Build.0 = Release|Any CPU
		{9F5B0793-B69E-418D-B088-3233CBB13512}.Debug|Any CPU.ActiveCfg = Debug|Any CPU
		{9F5B0793-B69E-418D-B088-3233CBB13512}.Debug|Any CPU.Build.0 = Debug|Any CPU
		{9F5B0793-B69E-418D-B088-3233CBB13512}.Release|Any CPU.ActiveCfg = Release|Any CPU
		{9F5B0793-B69E-418D-B088-3233CBB13512}.Release|Any CPU.Build.0 = Release|Any CPU
		{B651F5F0-DD1A-464A-9363-071A8F1DFE4D}.Debug|Any CPU.ActiveCfg = Debug|Any CPU
		{B651F5F0-DD1A-464A-9363-071A8F1DFE4D}.Debug|Any CPU.Build.0 = Debug|Any CPU
		{B651F5F0-DD1A-464A-9363-071A8F1DFE4D}.Release|Any CPU.ActiveCfg = Release|Any CPU
		{B651F5F0-DD1A-464A-9363-071A8F1DFE4D}.Release|Any CPU.Build.0 = Release|Any CPU
		{F9133A7B-3D75-4541-B975-DAC3811095C6}.Debug|Any CPU.ActiveCfg = Debug|Any CPU
		{F9133A7B-3D75-4541-B975-DAC3811095C6}.Debug|Any CPU.Build.0 = Debug|Any CPU
		{F9133A7B-3D75-4541-B975-DAC3811095C6}.Release|Any CPU.ActiveCfg = Release|Any CPU
		{F9133A7B-3D75-4541-B975-DAC3811095C6}.Release|Any CPU.Build.0 = Release|Any CPU
		{F9A22E9C-85DE-4300-8D8C-5539177540CD}.Debug|Any CPU.ActiveCfg = Debug|Any CPU
		{F9A22E9C-85DE-4300-8D8C-5539177540CD}.Debug|Any CPU.Build.0 = Debug|Any CPU
		{F9A22E9C-85DE-4300-8D8C-5539177540CD}.Release|Any CPU.ActiveCfg = Release|Any CPU
		{F9A22E9C-85DE-4300-8D8C-5539177540CD}.Release|Any CPU.Build.0 = Release|Any CPU
		{9238116F-49BB-43BC-BB5B-D95ED620B35B}.Debug|Any CPU.ActiveCfg = Debug|Any CPU
		{9238116F-49BB-43BC-BB5B-D95ED620B35B}.Debug|Any CPU.Build.0 = Debug|Any CPU
		{9238116F-49BB-43BC-BB5B-D95ED620B35B}.Release|Any CPU.ActiveCfg = Release|Any CPU
		{9238116F-49BB-43BC-BB5B-D95ED620B35B}.Release|Any CPU.Build.0 = Release|Any CPU
		{05B617A9-FB79-482F-B102-29E0CDC13202}.Debug|Any CPU.ActiveCfg = Debug|Any CPU
		{05B617A9-FB79-482F-B102-29E0CDC13202}.Debug|Any CPU.Build.0 = Debug|Any CPU
		{05B617A9-FB79-482F-B102-29E0CDC13202}.Release|Any CPU.ActiveCfg = Release|Any CPU
		{05B617A9-FB79-482F-B102-29E0CDC13202}.Release|Any CPU.Build.0 = Release|Any CPU
		{AFFBDE1A-6989-42E1-B59D-89AA50871FFF}.Debug|Any CPU.ActiveCfg = Debug|Any CPU
		{AFFBDE1A-6989-42E1-B59D-89AA50871FFF}.Debug|Any CPU.Build.0 = Debug|Any CPU
		{AFFBDE1A-6989-42E1-B59D-89AA50871FFF}.Release|Any CPU.ActiveCfg = Release|Any CPU
		{AFFBDE1A-6989-42E1-B59D-89AA50871FFF}.Release|Any CPU.Build.0 = Release|Any CPU
		{608D22E0-5C6A-40A8-9304-E26837A1D44F}.Debug|Any CPU.ActiveCfg = Debug|Any CPU
		{608D22E0-5C6A-40A8-9304-E26837A1D44F}.Debug|Any CPU.Build.0 = Debug|Any CPU
		{608D22E0-5C6A-40A8-9304-E26837A1D44F}.Release|Any CPU.ActiveCfg = Release|Any CPU
		{608D22E0-5C6A-40A8-9304-E26837A1D44F}.Release|Any CPU.Build.0 = Release|Any CPU
		{0E5D016A-3141-47C8-BF87-26FDACC85084}.Debug|Any CPU.ActiveCfg = Debug|Any CPU
		{0E5D016A-3141-47C8-BF87-26FDACC85084}.Debug|Any CPU.Build.0 = Debug|Any CPU
		{0E5D016A-3141-47C8-BF87-26FDACC85084}.Release|Any CPU.ActiveCfg = Release|Any CPU
		{0E5D016A-3141-47C8-BF87-26FDACC85084}.Release|Any CPU.Build.0 = Release|Any CPU
		{4141C64E-2803-4783-AC2F-03CE0F101E72}.Debug|Any CPU.ActiveCfg = Debug|Any CPU
		{4141C64E-2803-4783-AC2F-03CE0F101E72}.Debug|Any CPU.Build.0 = Debug|Any CPU
		{4141C64E-2803-4783-AC2F-03CE0F101E72}.Release|Any CPU.ActiveCfg = Release|Any CPU
		{4141C64E-2803-4783-AC2F-03CE0F101E72}.Release|Any CPU.Build.0 = Release|Any CPU
		{DA225DED-189F-4AA0-9A4D-75CB2C5A4D3D}.Debug|Any CPU.ActiveCfg = Debug|Any CPU
		{DA225DED-189F-4AA0-9A4D-75CB2C5A4D3D}.Debug|Any CPU.Build.0 = Debug|Any CPU
		{DA225DED-189F-4AA0-9A4D-75CB2C5A4D3D}.Release|Any CPU.ActiveCfg = Release|Any CPU
		{DA225DED-189F-4AA0-9A4D-75CB2C5A4D3D}.Release|Any CPU.Build.0 = Release|Any CPU
		{6A177658-A64F-4D9C-8F6D-80447AB0DACD}.Debug|Any CPU.ActiveCfg = Debug|Any CPU
		{6A177658-A64F-4D9C-8F6D-80447AB0DACD}.Debug|Any CPU.Build.0 = Debug|Any CPU
		{6A177658-A64F-4D9C-8F6D-80447AB0DACD}.Release|Any CPU.ActiveCfg = Release|Any CPU
		{6A177658-A64F-4D9C-8F6D-80447AB0DACD}.Release|Any CPU.Build.0 = Release|Any CPU
		{9AD4AF91-AF64-4D58-838C-87E165C46207}.Debug|Any CPU.ActiveCfg = Debug|Any CPU
		{9AD4AF91-AF64-4D58-838C-87E165C46207}.Debug|Any CPU.Build.0 = Debug|Any CPU
		{9AD4AF91-AF64-4D58-838C-87E165C46207}.Release|Any CPU.ActiveCfg = Release|Any CPU
		{9AD4AF91-AF64-4D58-838C-87E165C46207}.Release|Any CPU.Build.0 = Release|Any CPU
		{A2182007-FE13-4EDE-B97A-7A49A9A3325D}.Debug|Any CPU.ActiveCfg = Debug|Any CPU
		{A2182007-FE13-4EDE-B97A-7A49A9A3325D}.Debug|Any CPU.Build.0 = Debug|Any CPU
		{A2182007-FE13-4EDE-B97A-7A49A9A3325D}.Release|Any CPU.ActiveCfg = Release|Any CPU
		{A2182007-FE13-4EDE-B97A-7A49A9A3325D}.Release|Any CPU.Build.0 = Release|Any CPU
		{C6AB6B98-C3FC-476B-99B7-D3A723B51EBE}.Debug|Any CPU.ActiveCfg = Debug|Any CPU
		{C6AB6B98-C3FC-476B-99B7-D3A723B51EBE}.Debug|Any CPU.Build.0 = Debug|Any CPU
		{C6AB6B98-C3FC-476B-99B7-D3A723B51EBE}.Release|Any CPU.ActiveCfg = Release|Any CPU
		{C6AB6B98-C3FC-476B-99B7-D3A723B51EBE}.Release|Any CPU.Build.0 = Release|Any CPU
		{0A73051D-5DBD-4906-984B-06F0CBB89439}.Debug|Any CPU.ActiveCfg = Debug|Any CPU
		{0A73051D-5DBD-4906-984B-06F0CBB89439}.Debug|Any CPU.Build.0 = Debug|Any CPU
		{0A73051D-5DBD-4906-984B-06F0CBB89439}.Release|Any CPU.ActiveCfg = Release|Any CPU
		{0A73051D-5DBD-4906-984B-06F0CBB89439}.Release|Any CPU.Build.0 = Release|Any CPU
		{5880264E-08F3-4F96-ABBE-684B5E931C38}.Debug|Any CPU.ActiveCfg = Debug|Any CPU
		{5880264E-08F3-4F96-ABBE-684B5E931C38}.Debug|Any CPU.Build.0 = Debug|Any CPU
		{5880264E-08F3-4F96-ABBE-684B5E931C38}.Release|Any CPU.ActiveCfg = Release|Any CPU
		{5880264E-08F3-4F96-ABBE-684B5E931C38}.Release|Any CPU.Build.0 = Release|Any CPU
		{08467112-BE66-440C-B846-326CBCAEBC78}.Debug|Any CPU.ActiveCfg = Debug|Any CPU
		{08467112-BE66-440C-B846-326CBCAEBC78}.Debug|Any CPU.Build.0 = Debug|Any CPU
		{08467112-BE66-440C-B846-326CBCAEBC78}.Release|Any CPU.ActiveCfg = Release|Any CPU
		{08467112-BE66-440C-B846-326CBCAEBC78}.Release|Any CPU.Build.0 = Release|Any CPU
		{A2A98DD4-2D3D-4213-86F4-015D95B30C73}.Debug|Any CPU.ActiveCfg = Debug|Any CPU
		{A2A98DD4-2D3D-4213-86F4-015D95B30C73}.Debug|Any CPU.Build.0 = Debug|Any CPU
		{A2A98DD4-2D3D-4213-86F4-015D95B30C73}.Release|Any CPU.ActiveCfg = Release|Any CPU
		{A2A98DD4-2D3D-4213-86F4-015D95B30C73}.Release|Any CPU.Build.0 = Release|Any CPU
		{BBB38682-FDC2-4282-AA66-F315FA883DE7}.Debug|Any CPU.ActiveCfg = Debug|Any CPU
		{BBB38682-FDC2-4282-AA66-F315FA883DE7}.Debug|Any CPU.Build.0 = Debug|Any CPU
		{BBB38682-FDC2-4282-AA66-F315FA883DE7}.Release|Any CPU.ActiveCfg = Release|Any CPU
		{BBB38682-FDC2-4282-AA66-F315FA883DE7}.Release|Any CPU.Build.0 = Release|Any CPU
		{97962E50-356F-4350-B043-3FD104033E4D}.Debug|Any CPU.ActiveCfg = Debug|Any CPU
		{97962E50-356F-4350-B043-3FD104033E4D}.Debug|Any CPU.Build.0 = Debug|Any CPU
		{97962E50-356F-4350-B043-3FD104033E4D}.Release|Any CPU.ActiveCfg = Release|Any CPU
		{97962E50-356F-4350-B043-3FD104033E4D}.Release|Any CPU.Build.0 = Release|Any CPU
		{FBA2973B-163D-48B2-89C2-C2CA0890293B}.Debug|Any CPU.ActiveCfg = Debug|Any CPU
		{FBA2973B-163D-48B2-89C2-C2CA0890293B}.Debug|Any CPU.Build.0 = Debug|Any CPU
		{FBA2973B-163D-48B2-89C2-C2CA0890293B}.Release|Any CPU.ActiveCfg = Release|Any CPU
		{FBA2973B-163D-48B2-89C2-C2CA0890293B}.Release|Any CPU.Build.0 = Release|Any CPU
		{73FEED14-732F-48BA-BE51-196B144F5585}.Debug|Any CPU.ActiveCfg = Debug|Any CPU
		{73FEED14-732F-48BA-BE51-196B144F5585}.Debug|Any CPU.Build.0 = Debug|Any CPU
		{73FEED14-732F-48BA-BE51-196B144F5585}.Release|Any CPU.ActiveCfg = Release|Any CPU
		{73FEED14-732F-48BA-BE51-196B144F5585}.Release|Any CPU.Build.0 = Release|Any CPU
		{BED6B0BA-96B3-41B7-A172-8B5E52690EDA}.Debug|Any CPU.ActiveCfg = Debug|Any CPU
		{BED6B0BA-96B3-41B7-A172-8B5E52690EDA}.Debug|Any CPU.Build.0 = Debug|Any CPU
		{BED6B0BA-96B3-41B7-A172-8B5E52690EDA}.Release|Any CPU.ActiveCfg = Release|Any CPU
		{BED6B0BA-96B3-41B7-A172-8B5E52690EDA}.Release|Any CPU.Build.0 = Release|Any CPU
		{4CC2A4F6-0CCD-4E41-B0A0-818216852D70}.Debug|Any CPU.ActiveCfg = Debug|Any CPU
		{4CC2A4F6-0CCD-4E41-B0A0-818216852D70}.Debug|Any CPU.Build.0 = Debug|Any CPU
		{4CC2A4F6-0CCD-4E41-B0A0-818216852D70}.Release|Any CPU.ActiveCfg = Release|Any CPU
		{4CC2A4F6-0CCD-4E41-B0A0-818216852D70}.Release|Any CPU.Build.0 = Release|Any CPU
		{645CE969-998B-4E40-B2E4-D8847797E215}.Debug|Any CPU.ActiveCfg = Debug|Any CPU
		{645CE969-998B-4E40-B2E4-D8847797E215}.Debug|Any CPU.Build.0 = Debug|Any CPU
		{645CE969-998B-4E40-B2E4-D8847797E215}.Release|Any CPU.ActiveCfg = Release|Any CPU
		{645CE969-998B-4E40-B2E4-D8847797E215}.Release|Any CPU.Build.0 = Release|Any CPU
		{4A44B108-7A2F-4612-92B5-2FFF71BA76F2}.Debug|Any CPU.ActiveCfg = Debug|Any CPU
		{4A44B108-7A2F-4612-92B5-2FFF71BA76F2}.Debug|Any CPU.Build.0 = Debug|Any CPU
		{4A44B108-7A2F-4612-92B5-2FFF71BA76F2}.Release|Any CPU.ActiveCfg = Release|Any CPU
		{4A44B108-7A2F-4612-92B5-2FFF71BA76F2}.Release|Any CPU.Build.0 = Release|Any CPU
		{1986C01D-6C32-4BAD-BEB8-5B925A4F509D}.Debug|Any CPU.ActiveCfg = Debug|Any CPU
		{1986C01D-6C32-4BAD-BEB8-5B925A4F509D}.Debug|Any CPU.Build.0 = Debug|Any CPU
		{1986C01D-6C32-4BAD-BEB8-5B925A4F509D}.Release|Any CPU.ActiveCfg = Release|Any CPU
		{1986C01D-6C32-4BAD-BEB8-5B925A4F509D}.Release|Any CPU.Build.0 = Release|Any CPU
		{190C7417-8468-46D9-9CFA-BAD7F63AE9FB}.Debug|Any CPU.ActiveCfg = Debug|Any CPU
		{190C7417-8468-46D9-9CFA-BAD7F63AE9FB}.Debug|Any CPU.Build.0 = Debug|Any CPU
		{190C7417-8468-46D9-9CFA-BAD7F63AE9FB}.Release|Any CPU.ActiveCfg = Release|Any CPU
		{190C7417-8468-46D9-9CFA-BAD7F63AE9FB}.Release|Any CPU.Build.0 = Release|Any CPU
		{8A19333D-2239-45B3-A3EB-93E2604EDE00}.Debug|Any CPU.ActiveCfg = Debug|Any CPU
		{8A19333D-2239-45B3-A3EB-93E2604EDE00}.Debug|Any CPU.Build.0 = Debug|Any CPU
		{8A19333D-2239-45B3-A3EB-93E2604EDE00}.Release|Any CPU.ActiveCfg = Release|Any CPU
		{8A19333D-2239-45B3-A3EB-93E2604EDE00}.Release|Any CPU.Build.0 = Release|Any CPU
		{7F54D45D-686D-496A-9DD1-0539DC3F0E75}.Debug|Any CPU.ActiveCfg = Debug|Any CPU
		{7F54D45D-686D-496A-9DD1-0539DC3F0E75}.Debug|Any CPU.Build.0 = Debug|Any CPU
		{7F54D45D-686D-496A-9DD1-0539DC3F0E75}.Release|Any CPU.ActiveCfg = Release|Any CPU
		{7F54D45D-686D-496A-9DD1-0539DC3F0E75}.Release|Any CPU.Build.0 = Release|Any CPU
		{4E47C1DF-D667-46B1-8D9A-A6E2FB826E00}.Debug|Any CPU.ActiveCfg = Debug|Any CPU
		{4E47C1DF-D667-46B1-8D9A-A6E2FB826E00}.Debug|Any CPU.Build.0 = Debug|Any CPU
		{4E47C1DF-D667-46B1-8D9A-A6E2FB826E00}.Release|Any CPU.ActiveCfg = Release|Any CPU
		{4E47C1DF-D667-46B1-8D9A-A6E2FB826E00}.Release|Any CPU.Build.0 = Release|Any CPU
		{9CF76537-8AC7-4435-8EB9-E123AD6174E0}.Debug|Any CPU.ActiveCfg = Debug|Any CPU
		{9CF76537-8AC7-4435-8EB9-E123AD6174E0}.Debug|Any CPU.Build.0 = Debug|Any CPU
		{9CF76537-8AC7-4435-8EB9-E123AD6174E0}.Release|Any CPU.ActiveCfg = Release|Any CPU
		{9CF76537-8AC7-4435-8EB9-E123AD6174E0}.Release|Any CPU.Build.0 = Release|Any CPU
		{9E2CEFF5-8DA6-4DEA-884D-FBFD85C5D5C1}.Debug|Any CPU.ActiveCfg = Debug|Any CPU
		{9E2CEFF5-8DA6-4DEA-884D-FBFD85C5D5C1}.Debug|Any CPU.Build.0 = Debug|Any CPU
		{9E2CEFF5-8DA6-4DEA-884D-FBFD85C5D5C1}.Release|Any CPU.ActiveCfg = Release|Any CPU
		{9E2CEFF5-8DA6-4DEA-884D-FBFD85C5D5C1}.Release|Any CPU.Build.0 = Release|Any CPU
		{B3473692-0596-4829-8B8D-43AABC13076F}.Debug|Any CPU.ActiveCfg = Debug|Any CPU
		{B3473692-0596-4829-8B8D-43AABC13076F}.Debug|Any CPU.Build.0 = Debug|Any CPU
		{B3473692-0596-4829-8B8D-43AABC13076F}.Release|Any CPU.ActiveCfg = Release|Any CPU
		{B3473692-0596-4829-8B8D-43AABC13076F}.Release|Any CPU.Build.0 = Release|Any CPU
		{73572562-E1E4-4B8E-9F0F-61BD1EA4AC99}.Debug|Any CPU.ActiveCfg = Debug|Any CPU
		{73572562-E1E4-4B8E-9F0F-61BD1EA4AC99}.Debug|Any CPU.Build.0 = Debug|Any CPU
		{73572562-E1E4-4B8E-9F0F-61BD1EA4AC99}.Release|Any CPU.ActiveCfg = Release|Any CPU
		{73572562-E1E4-4B8E-9F0F-61BD1EA4AC99}.Release|Any CPU.Build.0 = Release|Any CPU
		{3227AFBC-4856-48B5-8603-3CD1A89DFD65}.Debug|Any CPU.ActiveCfg = Debug|Any CPU
		{3227AFBC-4856-48B5-8603-3CD1A89DFD65}.Debug|Any CPU.Build.0 = Debug|Any CPU
		{3227AFBC-4856-48B5-8603-3CD1A89DFD65}.Release|Any CPU.ActiveCfg = Release|Any CPU
		{3227AFBC-4856-48B5-8603-3CD1A89DFD65}.Release|Any CPU.Build.0 = Release|Any CPU
		{1AC17363-D202-498B-8747-64BD54CFB41A}.Debug|Any CPU.ActiveCfg = Debug|Any CPU
		{1AC17363-D202-498B-8747-64BD54CFB41A}.Debug|Any CPU.Build.0 = Debug|Any CPU
		{1AC17363-D202-498B-8747-64BD54CFB41A}.Release|Any CPU.ActiveCfg = Release|Any CPU
		{1AC17363-D202-498B-8747-64BD54CFB41A}.Release|Any CPU.Build.0 = Release|Any CPU
		{92B92B67-B4AE-4021-9930-C76E3107ABA6}.Debug|Any CPU.ActiveCfg = Debug|Any CPU
		{92B92B67-B4AE-4021-9930-C76E3107ABA6}.Debug|Any CPU.Build.0 = Debug|Any CPU
		{92B92B67-B4AE-4021-9930-C76E3107ABA6}.Release|Any CPU.ActiveCfg = Release|Any CPU
		{92B92B67-B4AE-4021-9930-C76E3107ABA6}.Release|Any CPU.Build.0 = Release|Any CPU
		{3263AAEA-2F8B-43E6-B71C-EFFA1061BEB2}.Debug|Any CPU.ActiveCfg = Debug|Any CPU
		{3263AAEA-2F8B-43E6-B71C-EFFA1061BEB2}.Debug|Any CPU.Build.0 = Debug|Any CPU
		{3263AAEA-2F8B-43E6-B71C-EFFA1061BEB2}.Release|Any CPU.ActiveCfg = Release|Any CPU
		{3263AAEA-2F8B-43E6-B71C-EFFA1061BEB2}.Release|Any CPU.Build.0 = Release|Any CPU
		{3047A9D7-F271-4658-A1AC-984A31625F15}.Debug|Any CPU.ActiveCfg = Debug|Any CPU
		{3047A9D7-F271-4658-A1AC-984A31625F15}.Debug|Any CPU.Build.0 = Debug|Any CPU
		{3047A9D7-F271-4658-A1AC-984A31625F15}.Release|Any CPU.ActiveCfg = Release|Any CPU
		{3047A9D7-F271-4658-A1AC-984A31625F15}.Release|Any CPU.Build.0 = Release|Any CPU
		{23066C02-3EC9-490F-A936-91E4EEB292AC}.Debug|Any CPU.ActiveCfg = Debug|Any CPU
		{23066C02-3EC9-490F-A936-91E4EEB292AC}.Debug|Any CPU.Build.0 = Debug|Any CPU
		{23066C02-3EC9-490F-A936-91E4EEB292AC}.Release|Any CPU.ActiveCfg = Release|Any CPU
		{23066C02-3EC9-490F-A936-91E4EEB292AC}.Release|Any CPU.Build.0 = Release|Any CPU
		{BA000979-AE87-496B-8E35-340D57FADF30}.Debug|Any CPU.ActiveCfg = Debug|Any CPU
		{BA000979-AE87-496B-8E35-340D57FADF30}.Debug|Any CPU.Build.0 = Debug|Any CPU
		{BA000979-AE87-496B-8E35-340D57FADF30}.Release|Any CPU.ActiveCfg = Release|Any CPU
		{BA000979-AE87-496B-8E35-340D57FADF30}.Release|Any CPU.Build.0 = Release|Any CPU
		{8D58590B-F4FA-42F2-BE42-0AF6FBE45B1C}.Debug|Any CPU.ActiveCfg = Debug|Any CPU
		{8D58590B-F4FA-42F2-BE42-0AF6FBE45B1C}.Debug|Any CPU.Build.0 = Debug|Any CPU
		{8D58590B-F4FA-42F2-BE42-0AF6FBE45B1C}.Release|Any CPU.ActiveCfg = Release|Any CPU
		{8D58590B-F4FA-42F2-BE42-0AF6FBE45B1C}.Release|Any CPU.Build.0 = Release|Any CPU
		{11356640-C771-4B1A-9846-E7FB354BEAE5}.Debug|Any CPU.ActiveCfg = Debug|Any CPU
		{11356640-C771-4B1A-9846-E7FB354BEAE5}.Debug|Any CPU.Build.0 = Debug|Any CPU
		{11356640-C771-4B1A-9846-E7FB354BEAE5}.Release|Any CPU.ActiveCfg = Release|Any CPU
		{11356640-C771-4B1A-9846-E7FB354BEAE5}.Release|Any CPU.Build.0 = Release|Any CPU
		{D3C68F9C-DCCA-4374-A0E3-DBCF5CF85848}.Debug|Any CPU.ActiveCfg = Debug|Any CPU
		{D3C68F9C-DCCA-4374-A0E3-DBCF5CF85848}.Debug|Any CPU.Build.0 = Debug|Any CPU
		{D3C68F9C-DCCA-4374-A0E3-DBCF5CF85848}.Release|Any CPU.ActiveCfg = Release|Any CPU
		{D3C68F9C-DCCA-4374-A0E3-DBCF5CF85848}.Release|Any CPU.Build.0 = Release|Any CPU
		{63536644-CBF6-4D14-B0EC-E268EFC25D77}.Debug|Any CPU.ActiveCfg = Debug|Any CPU
		{63536644-CBF6-4D14-B0EC-E268EFC25D77}.Debug|Any CPU.Build.0 = Debug|Any CPU
		{63536644-CBF6-4D14-B0EC-E268EFC25D77}.Release|Any CPU.ActiveCfg = Release|Any CPU
		{63536644-CBF6-4D14-B0EC-E268EFC25D77}.Release|Any CPU.Build.0 = Release|Any CPU
		{79CB1F8C-3DA8-43BC-9DCB-BAC676D17814}.Debug|Any CPU.ActiveCfg = Debug|Any CPU
		{79CB1F8C-3DA8-43BC-9DCB-BAC676D17814}.Debug|Any CPU.Build.0 = Debug|Any CPU
		{79CB1F8C-3DA8-43BC-9DCB-BAC676D17814}.Release|Any CPU.ActiveCfg = Release|Any CPU
		{79CB1F8C-3DA8-43BC-9DCB-BAC676D17814}.Release|Any CPU.Build.0 = Release|Any CPU
		{A5863656-DE3C-42E0-AAE5-A8D3451787FC}.Debug|Any CPU.ActiveCfg = Debug|Any CPU
		{A5863656-DE3C-42E0-AAE5-A8D3451787FC}.Debug|Any CPU.Build.0 = Debug|Any CPU
		{A5863656-DE3C-42E0-AAE5-A8D3451787FC}.Release|Any CPU.ActiveCfg = Release|Any CPU
		{A5863656-DE3C-42E0-AAE5-A8D3451787FC}.Release|Any CPU.Build.0 = Release|Any CPU
		{B46D610F-92C0-468F-8554-F16842234601}.Debug|Any CPU.ActiveCfg = Debug|Any CPU
		{B46D610F-92C0-468F-8554-F16842234601}.Debug|Any CPU.Build.0 = Debug|Any CPU
		{B46D610F-92C0-468F-8554-F16842234601}.Release|Any CPU.ActiveCfg = Release|Any CPU
		{B46D610F-92C0-468F-8554-F16842234601}.Release|Any CPU.Build.0 = Release|Any CPU
		{8E484527-543C-487D-BEA9-EA05A0674304}.Debug|Any CPU.ActiveCfg = Debug|Any CPU
		{8E484527-543C-487D-BEA9-EA05A0674304}.Debug|Any CPU.Build.0 = Debug|Any CPU
		{8E484527-543C-487D-BEA9-EA05A0674304}.Release|Any CPU.ActiveCfg = Release|Any CPU
		{8E484527-543C-487D-BEA9-EA05A0674304}.Release|Any CPU.Build.0 = Release|Any CPU
		{DB35A9B7-0682-43BD-B800-5DAA1C0CC201}.Debug|Any CPU.ActiveCfg = Debug|Any CPU
		{DB35A9B7-0682-43BD-B800-5DAA1C0CC201}.Debug|Any CPU.Build.0 = Debug|Any CPU
		{DB35A9B7-0682-43BD-B800-5DAA1C0CC201}.Release|Any CPU.ActiveCfg = Release|Any CPU
		{DB35A9B7-0682-43BD-B800-5DAA1C0CC201}.Release|Any CPU.Build.0 = Release|Any CPU
		{9678AD67-3F0C-4905-9CDB-903D2E76267A}.Debug|Any CPU.ActiveCfg = Debug|Any CPU
		{9678AD67-3F0C-4905-9CDB-903D2E76267A}.Debug|Any CPU.Build.0 = Debug|Any CPU
		{9678AD67-3F0C-4905-9CDB-903D2E76267A}.Release|Any CPU.ActiveCfg = Release|Any CPU
		{9678AD67-3F0C-4905-9CDB-903D2E76267A}.Release|Any CPU.Build.0 = Release|Any CPU
		{D46A2C85-ECD6-49B0-96B1-10EC3960167E}.Debug|Any CPU.ActiveCfg = Debug|Any CPU
		{D46A2C85-ECD6-49B0-96B1-10EC3960167E}.Debug|Any CPU.Build.0 = Debug|Any CPU
		{D46A2C85-ECD6-49B0-96B1-10EC3960167E}.Release|Any CPU.ActiveCfg = Release|Any CPU
		{D46A2C85-ECD6-49B0-96B1-10EC3960167E}.Release|Any CPU.Build.0 = Release|Any CPU
		{A0ABB728-83E9-47E6-8A55-ABFAEC56760D}.Debug|Any CPU.ActiveCfg = Debug|Any CPU
		{A0ABB728-83E9-47E6-8A55-ABFAEC56760D}.Debug|Any CPU.Build.0 = Debug|Any CPU
		{A0ABB728-83E9-47E6-8A55-ABFAEC56760D}.Release|Any CPU.ActiveCfg = Release|Any CPU
		{A0ABB728-83E9-47E6-8A55-ABFAEC56760D}.Release|Any CPU.Build.0 = Release|Any CPU
		{55C98842-D677-475B-8433-3A90C31C6F05}.Debug|Any CPU.ActiveCfg = Debug|Any CPU
		{55C98842-D677-475B-8433-3A90C31C6F05}.Debug|Any CPU.Build.0 = Debug|Any CPU
		{55C98842-D677-475B-8433-3A90C31C6F05}.Release|Any CPU.ActiveCfg = Release|Any CPU
		{55C98842-D677-475B-8433-3A90C31C6F05}.Release|Any CPU.Build.0 = Release|Any CPU
		{05C868A7-E83B-4EF9-96E1-B9DF067FBD58}.Debug|Any CPU.ActiveCfg = Debug|Any CPU
		{05C868A7-E83B-4EF9-96E1-B9DF067FBD58}.Debug|Any CPU.Build.0 = Debug|Any CPU
		{05C868A7-E83B-4EF9-96E1-B9DF067FBD58}.Release|Any CPU.ActiveCfg = Release|Any CPU
		{05C868A7-E83B-4EF9-96E1-B9DF067FBD58}.Release|Any CPU.Build.0 = Release|Any CPU
		{AE18AB78-70B2-48DB-B696-D5ED339AEBB6}.Debug|Any CPU.ActiveCfg = Debug|Any CPU
		{AE18AB78-70B2-48DB-B696-D5ED339AEBB6}.Debug|Any CPU.Build.0 = Debug|Any CPU
		{AE18AB78-70B2-48DB-B696-D5ED339AEBB6}.Release|Any CPU.ActiveCfg = Release|Any CPU
		{AE18AB78-70B2-48DB-B696-D5ED339AEBB6}.Release|Any CPU.Build.0 = Release|Any CPU
		{E25D7A6C-F264-41D3-87E8-12AFDF56F8CB}.Debug|Any CPU.ActiveCfg = Debug|Any CPU
		{E25D7A6C-F264-41D3-87E8-12AFDF56F8CB}.Debug|Any CPU.Build.0 = Debug|Any CPU
		{E25D7A6C-F264-41D3-87E8-12AFDF56F8CB}.Release|Any CPU.ActiveCfg = Release|Any CPU
		{E25D7A6C-F264-41D3-87E8-12AFDF56F8CB}.Release|Any CPU.Build.0 = Release|Any CPU
		{E9389AFA-249D-4310-B769-C312F4079753}.Debug|Any CPU.ActiveCfg = Debug|Any CPU
		{E9389AFA-249D-4310-B769-C312F4079753}.Debug|Any CPU.Build.0 = Debug|Any CPU
		{E9389AFA-249D-4310-B769-C312F4079753}.Release|Any CPU.ActiveCfg = Release|Any CPU
		{E9389AFA-249D-4310-B769-C312F4079753}.Release|Any CPU.Build.0 = Release|Any CPU
		{92E68579-0FD8-4F5B-A8DE-6F8A36CE4A3E}.Debug|Any CPU.ActiveCfg = Debug|Any CPU
		{92E68579-0FD8-4F5B-A8DE-6F8A36CE4A3E}.Debug|Any CPU.Build.0 = Debug|Any CPU
		{92E68579-0FD8-4F5B-A8DE-6F8A36CE4A3E}.Release|Any CPU.ActiveCfg = Release|Any CPU
		{92E68579-0FD8-4F5B-A8DE-6F8A36CE4A3E}.Release|Any CPU.Build.0 = Release|Any CPU
		{B81C53A4-7FDD-402B-AD4D-CBF31BB0C96D}.Debug|Any CPU.ActiveCfg = Debug|Any CPU
		{B81C53A4-7FDD-402B-AD4D-CBF31BB0C96D}.Debug|Any CPU.Build.0 = Debug|Any CPU
		{B81C53A4-7FDD-402B-AD4D-CBF31BB0C96D}.Release|Any CPU.ActiveCfg = Release|Any CPU
		{B81C53A4-7FDD-402B-AD4D-CBF31BB0C96D}.Release|Any CPU.Build.0 = Release|Any CPU
		{B12A44A7-6EBF-4E89-A808-85599533774B}.Debug|Any CPU.ActiveCfg = Debug|Any CPU
		{B12A44A7-6EBF-4E89-A808-85599533774B}.Debug|Any CPU.Build.0 = Debug|Any CPU
		{B12A44A7-6EBF-4E89-A808-85599533774B}.Release|Any CPU.ActiveCfg = Release|Any CPU
		{B12A44A7-6EBF-4E89-A808-85599533774B}.Release|Any CPU.Build.0 = Release|Any CPU
		{7A2D1BA2-AAD3-469F-B260-BB596FE8DCAD}.Debug|Any CPU.ActiveCfg = Debug|Any CPU
		{7A2D1BA2-AAD3-469F-B260-BB596FE8DCAD}.Debug|Any CPU.Build.0 = Debug|Any CPU
		{7A2D1BA2-AAD3-469F-B260-BB596FE8DCAD}.Release|Any CPU.ActiveCfg = Release|Any CPU
		{7A2D1BA2-AAD3-469F-B260-BB596FE8DCAD}.Release|Any CPU.Build.0 = Release|Any CPU
		{3044BD75-AD89-4379-AED8-D34099EE908B}.Debug|Any CPU.ActiveCfg = Debug|Any CPU
		{3044BD75-AD89-4379-AED8-D34099EE908B}.Debug|Any CPU.Build.0 = Debug|Any CPU
		{3044BD75-AD89-4379-AED8-D34099EE908B}.Release|Any CPU.ActiveCfg = Release|Any CPU
		{3044BD75-AD89-4379-AED8-D34099EE908B}.Release|Any CPU.Build.0 = Release|Any CPU
		{3A70D9A5-ABC8-48D6-A3E3-1789466B9EA8}.Debug|Any CPU.ActiveCfg = Debug|Any CPU
		{3A70D9A5-ABC8-48D6-A3E3-1789466B9EA8}.Debug|Any CPU.Build.0 = Debug|Any CPU
		{3A70D9A5-ABC8-48D6-A3E3-1789466B9EA8}.Release|Any CPU.ActiveCfg = Release|Any CPU
		{3A70D9A5-ABC8-48D6-A3E3-1789466B9EA8}.Release|Any CPU.Build.0 = Release|Any CPU
		{66D94584-5153-4F1B-9E35-DE0843C998ED}.Debug|Any CPU.ActiveCfg = Debug|Any CPU
		{66D94584-5153-4F1B-9E35-DE0843C998ED}.Debug|Any CPU.Build.0 = Debug|Any CPU
		{66D94584-5153-4F1B-9E35-DE0843C998ED}.Release|Any CPU.ActiveCfg = Release|Any CPU
		{66D94584-5153-4F1B-9E35-DE0843C998ED}.Release|Any CPU.Build.0 = Release|Any CPU
		{160A1F94-F990-472D-B9DF-0C433DD3B1C9}.Debug|Any CPU.ActiveCfg = Debug|Any CPU
		{160A1F94-F990-472D-B9DF-0C433DD3B1C9}.Debug|Any CPU.Build.0 = Debug|Any CPU
		{160A1F94-F990-472D-B9DF-0C433DD3B1C9}.Release|Any CPU.ActiveCfg = Release|Any CPU
		{160A1F94-F990-472D-B9DF-0C433DD3B1C9}.Release|Any CPU.Build.0 = Release|Any CPU
	EndGlobalSection
	GlobalSection(SolutionProperties) = preSolution
		HideSolutionNode = FALSE
	EndGlobalSection
	GlobalSection(NestedProjects) = preSolution
		{AB5E015F-4CD9-49B1-83D3-7765A7747568} = {739527D4-0EC3-4BDA-AFAA-439A5BC1D330}
		{E0B5913C-2A57-488C-9EE0-B9518E1EEF20} = {739527D4-0EC3-4BDA-AFAA-439A5BC1D330}
		{2C93EF69-303F-4438-849B-753086D42F46} = {44AB1690-D136-4A3F-8602-FFE1D0DBA296}
		{B4FBA9A4-C5FA-4E7B-A907-4119A7DB7285} = {44AB1690-D136-4A3F-8602-FFE1D0DBA296}
		{209C1306-023C-4871-85BA-BC034434A90E} = {739527D4-0EC3-4BDA-AFAA-439A5BC1D330}
		{4532202A-3647-41AF-9631-924D51C6A599} = {44AB1690-D136-4A3F-8602-FFE1D0DBA296}
		{0DE723CA-CD14-4C03-9818-105C92145E2E} = {900E12BC-BB07-4076-B092-D2C2E320D60A}
		{DDC462A6-5F79-4477-BBE6-723E9AD4CA22} = {900E12BC-BB07-4076-B092-D2C2E320D60A}
		{D55C567A-5854-431D-BB75-9ABF6FC82A7D} = {900E12BC-BB07-4076-B092-D2C2E320D60A}
		{778721B7-AC75-4657-B206-22368D7EBCFA} = {900E12BC-BB07-4076-B092-D2C2E320D60A}
		{1646E38B-5B48-46DD-8411-E359E8E5CBD7} = {900E12BC-BB07-4076-B092-D2C2E320D60A}
		{E0B904A8-4A8F-4653-A644-29D7C8C6C63B} = {900E12BC-BB07-4076-B092-D2C2E320D60A}
		{1E1445B2-4239-43BC-B56B-C0DF8A68C2FC} = {900E12BC-BB07-4076-B092-D2C2E320D60A}
		{9F5B0793-B69E-418D-B088-3233CBB13512} = {6A7ECDB7-B11A-4BA9-81E4-31F96D884D7A}
		{B651F5F0-DD1A-464A-9363-071A8F1DFE4D} = {6A7ECDB7-B11A-4BA9-81E4-31F96D884D7A}
		{F9133A7B-3D75-4541-B975-DAC3811095C6} = {6A7ECDB7-B11A-4BA9-81E4-31F96D884D7A}
		{F9A22E9C-85DE-4300-8D8C-5539177540CD} = {6A7ECDB7-B11A-4BA9-81E4-31F96D884D7A}
		{9238116F-49BB-43BC-BB5B-D95ED620B35B} = {6A7ECDB7-B11A-4BA9-81E4-31F96D884D7A}
		{05B617A9-FB79-482F-B102-29E0CDC13202} = {6A7ECDB7-B11A-4BA9-81E4-31F96D884D7A}
		{AFFBDE1A-6989-42E1-B59D-89AA50871FFF} = {6A7ECDB7-B11A-4BA9-81E4-31F96D884D7A}
		{608D22E0-5C6A-40A8-9304-E26837A1D44F} = {6A7ECDB7-B11A-4BA9-81E4-31F96D884D7A}
		{0E5D016A-3141-47C8-BF87-26FDACC85084} = {6A7ECDB7-B11A-4BA9-81E4-31F96D884D7A}
		{4141C64E-2803-4783-AC2F-03CE0F101E72} = {6A7ECDB7-B11A-4BA9-81E4-31F96D884D7A}
		{DA225DED-189F-4AA0-9A4D-75CB2C5A4D3D} = {0A4BB8C8-ABD1-4C87-8821-FBE4796BCE08}
		{6A177658-A64F-4D9C-8F6D-80447AB0DACD} = {0A4BB8C8-ABD1-4C87-8821-FBE4796BCE08}
		{9AD4AF91-AF64-4D58-838C-87E165C46207} = {0A4BB8C8-ABD1-4C87-8821-FBE4796BCE08}
		{A2182007-FE13-4EDE-B97A-7A49A9A3325D} = {0A4BB8C8-ABD1-4C87-8821-FBE4796BCE08}
		{C6AB6B98-C3FC-476B-99B7-D3A723B51EBE} = {0A4BB8C8-ABD1-4C87-8821-FBE4796BCE08}
		{0A73051D-5DBD-4906-984B-06F0CBB89439} = {7898472D-E877-4F23-8250-C165C32D9F6D}
		{5880264E-08F3-4F96-ABBE-684B5E931C38} = {7898472D-E877-4F23-8250-C165C32D9F6D}
		{08467112-BE66-440C-B846-326CBCAEBC78} = {7898472D-E877-4F23-8250-C165C32D9F6D}
		{A2A98DD4-2D3D-4213-86F4-015D95B30C73} = {7898472D-E877-4F23-8250-C165C32D9F6D}
		{BBB38682-FDC2-4282-AA66-F315FA883DE7} = {10F34995-6745-473D-8D8F-267B2AEDA7E0}
		{97962E50-356F-4350-B043-3FD104033E4D} = {18E10B26-DB99-4514-9514-26BE0AA246CF}
		{FBA2973B-163D-48B2-89C2-C2CA0890293B} = {10F34995-6745-473D-8D8F-267B2AEDA7E0}
		{73FEED14-732F-48BA-BE51-196B144F5585} = {6B9A7A95-A797-45D3-A59B-06EA4DE9B86B}
		{BED6B0BA-96B3-41B7-A172-8B5E52690EDA} = {6B9A7A95-A797-45D3-A59B-06EA4DE9B86B}
		{4CC2A4F6-0CCD-4E41-B0A0-818216852D70} = {6B9A7A95-A797-45D3-A59B-06EA4DE9B86B}
		{645CE969-998B-4E40-B2E4-D8847797E215} = {6B9A7A95-A797-45D3-A59B-06EA4DE9B86B}
		{4A44B108-7A2F-4612-92B5-2FFF71BA76F2} = {3E76B0F7-A31F-424C-A996-4C3CEA954C90}
		{1986C01D-6C32-4BAD-BEB8-5B925A4F509D} = {3E76B0F7-A31F-424C-A996-4C3CEA954C90}
		{190C7417-8468-46D9-9CFA-BAD7F63AE9FB} = {3E76B0F7-A31F-424C-A996-4C3CEA954C90}
		{8A19333D-2239-45B3-A3EB-93E2604EDE00} = {3E76B0F7-A31F-424C-A996-4C3CEA954C90}
		{7F54D45D-686D-496A-9DD1-0539DC3F0E75} = {3E76B0F7-A31F-424C-A996-4C3CEA954C90}
		{4E47C1DF-D667-46B1-8D9A-A6E2FB826E00} = {8493F84B-AA31-466C-A4B2-6450B3ED03DE}
		{9CF76537-8AC7-4435-8EB9-E123AD6174E0} = {8493F84B-AA31-466C-A4B2-6450B3ED03DE}
		{9E2CEFF5-8DA6-4DEA-884D-FBFD85C5D5C1} = {8493F84B-AA31-466C-A4B2-6450B3ED03DE}
		{B3473692-0596-4829-8B8D-43AABC13076F} = {8493F84B-AA31-466C-A4B2-6450B3ED03DE}
		{73572562-E1E4-4B8E-9F0F-61BD1EA4AC99} = {8493F84B-AA31-466C-A4B2-6450B3ED03DE}
		{3227AFBC-4856-48B5-8603-3CD1A89DFD65} = {8493F84B-AA31-466C-A4B2-6450B3ED03DE}
		{1AC17363-D202-498B-8747-64BD54CFB41A} = {8493F84B-AA31-466C-A4B2-6450B3ED03DE}
		{92B92B67-B4AE-4021-9930-C76E3107ABA6} = {8493F84B-AA31-466C-A4B2-6450B3ED03DE}
		{3263AAEA-2F8B-43E6-B71C-EFFA1061BEB2} = {2A149587-B673-465F-B1C9-984DFB378EEF}
		{3047A9D7-F271-4658-A1AC-984A31625F15} = {8493F84B-AA31-466C-A4B2-6450B3ED03DE}
		{23066C02-3EC9-490F-A936-91E4EEB292AC} = {8493F84B-AA31-466C-A4B2-6450B3ED03DE}
		{BA000979-AE87-496B-8E35-340D57FADF30} = {8493F84B-AA31-466C-A4B2-6450B3ED03DE}
		{8D58590B-F4FA-42F2-BE42-0AF6FBE45B1C} = {8493F84B-AA31-466C-A4B2-6450B3ED03DE}
		{11356640-C771-4B1A-9846-E7FB354BEAE5} = {8493F84B-AA31-466C-A4B2-6450B3ED03DE}
		{D3C68F9C-DCCA-4374-A0E3-DBCF5CF85848} = {8493F84B-AA31-466C-A4B2-6450B3ED03DE}
		{63536644-CBF6-4D14-B0EC-E268EFC25D77} = {2A149587-B673-465F-B1C9-984DFB378EEF}
		{79CB1F8C-3DA8-43BC-9DCB-BAC676D17814} = {2A149587-B673-465F-B1C9-984DFB378EEF}
		{A5863656-DE3C-42E0-AAE5-A8D3451787FC} = {2A149587-B673-465F-B1C9-984DFB378EEF}
		{B46D610F-92C0-468F-8554-F16842234601} = {2A149587-B673-465F-B1C9-984DFB378EEF}
		{8E484527-543C-487D-BEA9-EA05A0674304} = {2A149587-B673-465F-B1C9-984DFB378EEF}
		{DB35A9B7-0682-43BD-B800-5DAA1C0CC201} = {2A149587-B673-465F-B1C9-984DFB378EEF}
		{9678AD67-3F0C-4905-9CDB-903D2E76267A} = {FB5E3A7F-CEFD-4600-987F-06F16CD49C4D}
		{D46A2C85-ECD6-49B0-96B1-10EC3960167E} = {FB5E3A7F-CEFD-4600-987F-06F16CD49C4D}
		{A0ABB728-83E9-47E6-8A55-ABFAEC56760D} = {598DD69F-9B35-40E7-AB73-D1D8BDBC070F}
		{55C98842-D677-475B-8433-3A90C31C6F05} = {598DD69F-9B35-40E7-AB73-D1D8BDBC070F}
		{05C868A7-E83B-4EF9-96E1-B9DF067FBD58} = {598DD69F-9B35-40E7-AB73-D1D8BDBC070F}
		{AE18AB78-70B2-48DB-B696-D5ED339AEBB6} = {598DD69F-9B35-40E7-AB73-D1D8BDBC070F}
		{E25D7A6C-F264-41D3-87E8-12AFDF56F8CB} = {598DD69F-9B35-40E7-AB73-D1D8BDBC070F}
		{E9389AFA-249D-4310-B769-C312F4079753} = {598DD69F-9B35-40E7-AB73-D1D8BDBC070F}
		{92E68579-0FD8-4F5B-A8DE-6F8A36CE4A3E} = {598DD69F-9B35-40E7-AB73-D1D8BDBC070F}
		{B81C53A4-7FDD-402B-AD4D-CBF31BB0C96D} = {598DD69F-9B35-40E7-AB73-D1D8BDBC070F}
		{B12A44A7-6EBF-4E89-A808-85599533774B} = {3E3250E1-FBF8-45EA-9BF9-28D474813594}
		{7A2D1BA2-AAD3-469F-B260-BB596FE8DCAD} = {3E3250E1-FBF8-45EA-9BF9-28D474813594}
		{3044BD75-AD89-4379-AED8-D34099EE908B} = {3E3250E1-FBF8-45EA-9BF9-28D474813594}
		{3A70D9A5-ABC8-48D6-A3E3-1789466B9EA8} = {217DF468-05BA-4BA0-87D4-7735E2ADFA46}
		{66D94584-5153-4F1B-9E35-DE0843C998ED} = {A1726C52-6065-4866-8295-F9C0B478A608}
		{160A1F94-F990-472D-B9DF-0C433DD3B1C9} = {A1726C52-6065-4866-8295-F9C0B478A608}
	EndGlobalSection
	GlobalSection(ExtensibilityGlobals) = postSolution
		SolutionGuid = {AC1E8DAE-3B12-4897-AA97-1FEF2DCD0B90}
	EndGlobalSection
EndGlobal
